PODS:
  - LZCamera (1.0.1):
    - LZCamera/CodeCapture (= 1.0.1)
    - LZCamera/Core (= 1.0.1)
    - LZCamera/Editor (= 1.0.1)
    - LZCamera/MediaCapture (= 1.0.1)
  - LZCamera/CodeCapture (1.0.1):
    - LZCamera/Core
  - LZCamera/Core (1.0.1)
  - LZCamera/Editor (1.0.1):
    - LZCamera/Core
    - LZDependencyToolkit/Object
  - LZCamera/MediaCapture (1.0.1):
    - LZCamera/Core
    - LZCamera/Editor
  - LZDependencyToolkit/Object (2.6.0):
    - LZDependencyToolkit/Object/Proxy (= 2.6.0)
    - LZDependencyToolkit/Object/Thread (= 2.6.0)
    - LZDependencyToolkit/Object/Timer (= 2.6.0)
    - LZDependencyToolkit/Object/Transitioning (= 2.6.0)
  - LZDependencyToolkit/Object/Proxy (2.6.0)
  - LZDependencyToolkit/Object/Thread (2.6.0)
  - LZDependencyToolkit/Object/Timer (2.6.0)
  - LZDependencyToolkit/Object/Transitioning (2.6.0)

DEPENDENCIES:
  - LZCamera (from `../`)

SPEC REPOS:
  https://github.com/CocoaPods/Specs.git:
    - LZDependencyToolkit

EXTERNAL SOURCES:
  LZCamera:
    :path: "../"

SPEC CHECKSUMS:
  LZCamera: 5b7683e373d54954310b48f570233941ead295e7
  LZDependencyToolkit: 25364f8746bbc9e51c6cedb43bba39bd2025be05

PODFILE CHECKSUM: 6143986c2135454c8219ec03812929a861e48b04

COCOAPODS: 1.12.0
