PODS:
  - LZCamera (0.3.5):
    - LZCamera/CodeCapture (= 0.3.5)
    - LZCamera/Core (= 0.3.5)
    - LZCamera/MediaCapture (= 0.3.5)
  - LZCamera/CodeCapture (0.3.5):
    - LZCamera/Core
  - LZCamera/Core (0.3.5)
  - LZCamera/MediaCapture (0.3.5):
    - LZCamera/Core

DEPENDENCIES:
  - LZCamera (from `../`)

EXTERNAL SOURCES:
  LZCamera:
    :path: "../"

SPEC CHECKSUMS:
  LZCamera: c5a1027fcadec7be723207d1bbb0f6c5541d7ac3

PODFILE CHECKSUM: e85e9c62dc98ca318a0ff4d066205209af06871d

COCOAPODS: 1.7.0.rc.1
