PODS:
  - LZCamera (0.4.3):
    - LZCamera/CodeCapture (= 0.4.3)
    - LZCamera/Core (= 0.4.3)
    - LZCamera/Editor (= 0.4.3)
    - LZCamera/MediaCapture (= 0.4.3)
  - LZCamera/CodeCapture (0.4.3):
    - LZCamera/Core
  - LZCamera/Core (0.4.3)
  - LZCamera/Editor (0.4.3):
    - LZCamera/Core
    - LZDependencyToolkit/Object
  - LZCamera/MediaCapture (0.4.3):
    - LZCamera/Core
    - LZCamera/Editor
  - LZDependencyToolkit/Object (1.3.0)

DEPENDENCIES:
  - LZCamera (from `../`)

SPEC REPOS:
  trunk:
    - LZDependencyToolkit

EXTERNAL SOURCES:
  LZCamera:
    :path: "../"

SPEC CHECKSUMS:
  LZCamera: 3155666f4439ae3b5302d7396cc1bef01071cee8
  LZDependencyToolkit: d8ecf84bf53ddac80df37e16c0bbec26941dcef3

PODFILE CHECKSUM: 0b6433d916642f9ba6e825bf760ecf1dd5384bbb

COCOAPODS: 1.8.3
